
Microsoft Visual Studio Solution File, Format Version 12.00
# Visual Studio Version 16
VisualStudioVersion = 16.0.30611.23
MinimumVisualStudioVersion = 10.0.40219.1
Project("{FAE04EC0-301F-11D3-BF4B-00C04F79EFBC}") = "APILayer", "APILayer\APILayer.csproj", "{74DA2890-6F0F-43F7-BF6E-FDD91204CD1F}"
	ProjectSection(ProjectDependencies) = postProject
		{0901D265-5086-4B66-997E-26A56B3F02B1} = {0901D265-5086-4B66-997E-26A56B3F02B1}
		{C1DB72FE-8271-421B-92C9-64132157EA77} = {C1DB72FE-8271-421B-92C9-64132157EA77}
	EndProjectSection
EndProject
Project("{FAE04EC0-301F-11D3-BF4B-00C04F79EFBC}") = "DAL", "DAL\DAL.csproj", "{72767199-DAD7-4F3D-8DEE-836721A52635}"
EndProject
Project("{FAE04EC0-301F-11D3-BF4B-00C04F79EFBC}") = "BLL", "BLL\BLL.csproj", "{C1DB72FE-8271-421B-92C9-64132157EA77}"
	ProjectSection(ProjectDependencies) = postProject
		{0901D265-5086-4B66-997E-26A56B3F02B1} = {0901D265-5086-4B66-997E-26A56B3F02B1}
		{72767199-DAD7-4F3D-8DEE-836721A52635} = {72767199-DAD7-4F3D-8DEE-836721A52635}
	EndProjectSection
EndProject
Project("{FAE04EC0-301F-11D3-BF4B-00C04F79EFBC}") = "UILayer", "UILayer\UILayer.csproj", "{F0D65292-C4E1-4803-86E0-270F144ECF7B}"
	ProjectSection(ProjectDependencies) = postProject
		{0901D265-5086-4B66-997E-26A56B3F02B1} = {0901D265-5086-4B66-997E-26A56B3F02B1}
	EndProjectSection
EndProject
Project("{FAE04EC0-301F-11D3-BF4B-00C04F79EFBC}") = "Model", "Model\Model.csproj", "{0901D265-5086-4B66-997E-26A56B3F02B1}"
	ProjectSection(ProjectDependencies) = postProject
		{72767199-DAD7-4F3D-8DEE-836721A52635} = {72767199-DAD7-4F3D-8DEE-836721A52635}
	EndProjectSection
EndProject
Global
	GlobalSection(SolutionConfigurationPlatforms) = preSolution
		Debug|Any CPU = Debug|Any CPU
		Release|Any CPU = Release|Any CPU
	EndGlobalSection
	GlobalSection(ProjectConfigurationPlatforms) = postSolution
		{74DA2890-6F0F-43F7-BF6E-FDD91204CD1F}.Debug|Any CPU.ActiveCfg = Debug|Any CPU
		{74DA2890-6F0F-43F7-BF6E-FDD91204CD1F}.Debug|Any CPU.Build.0 = Debug|Any CPU
		{74DA2890-6F0F-43F7-BF6E-FDD91204CD1F}.Release|Any CPU.ActiveCfg = Release|Any CPU
		{74DA2890-6F0F-43F7-BF6E-FDD91204CD1F}.Release|Any CPU.Build.0 = Release|Any CPU
		{72767199-DAD7-4F3D-8DEE-836721A52635}.Debug|Any CPU.ActiveCfg = Debug|Any CPU
		{72767199-DAD7-4F3D-8DEE-836721A52635}.Debug|Any CPU.Build.0 = Debug|Any CPU
		{72767199-DAD7-4F3D-8DEE-836721A52635}.Release|Any CPU.ActiveCfg = Release|Any CPU
		{72767199-DAD7-4F3D-8DEE-836721A52635}.Release|Any CPU.Build.0 = Release|Any CPU
		{C1DB72FE-8271-421B-92C9-64132157EA77}.Debug|Any CPU.ActiveCfg = Debug|Any CPU
		{C1DB72FE-8271-421B-92C9-64132157EA77}.Debug|Any CPU.Build.0 = Debug|Any CPU
		{C1DB72FE-8271-421B-92C9-64132157EA77}.Release|Any CPU.ActiveCfg = Release|Any CPU
		{C1DB72FE-8271-421B-92C9-64132157EA77}.Release|Any CPU.Build.0 = Release|Any CPU
		{F0D65292-C4E1-4803-86E0-270F144ECF7B}.Debug|Any CPU.ActiveCfg = Debug|Any CPU
		{F0D65292-C4E1-4803-86E0-270F144ECF7B}.Debug|Any CPU.Build.0 = Debug|Any CPU
		{F0D65292-C4E1-4803-86E0-270F144ECF7B}.Release|Any CPU.ActiveCfg = Release|Any CPU
		{F0D65292-C4E1-4803-86E0-270F144ECF7B}.Release|Any CPU.Build.0 = Release|Any CPU
		{0901D265-5086-4B66-997E-26A56B3F02B1}.Debug|Any CPU.ActiveCfg = Debug|Any CPU
		{0901D265-5086-4B66-997E-26A56B3F02B1}.Debug|Any CPU.Build.0 = Debug|Any CPU
		{0901D265-5086-4B66-997E-26A56B3F02B1}.Release|Any CPU.ActiveCfg = Release|Any CPU
		{0901D265-5086-4B66-997E-26A56B3F02B1}.Release|Any CPU.Build.0 = Release|Any CPU
	EndGlobalSection
	GlobalSection(SolutionProperties) = preSolution
		HideSolutionNode = FALSE
	EndGlobalSection
	GlobalSection(ExtensibilityGlobals) = postSolution
		SolutionGuid = {17E04667-76B6-404C-94F0-C1D0590DB901}
	EndGlobalSection
EndGlobal
